
Microsoft Visual Studio Solution File, Format Version 12.00
# Visual Studio Version 17
VisualStudioVersion = 17.8.34330.188
MinimumVisualStudioVersion = 10.0.40219.1
Project("{FAE04EC0-301F-11D3-BF4B-00C04F79EFBC}") = "SQRC.Mediator.Demo", "SQRC.Mediator.Demo\SQRC.Mediator.Demo.csproj", "{9BBB6524-0FF1-4A8B-8B9C-9BFD66A29EA0}"
EndProject
Global
	GlobalSection(SolutionConfigurationPlatforms) = preSolution
		Debug|Any CPU = Debug|Any CPU
		Release|Any CPU = Release|Any CPU
	EndGlobalSection
	GlobalSection(ProjectConfigurationPlatforms) = postSolution
		{9BBB6524-0FF1-4A8B-8B9C-9BFD66A29EA0}.Debug|Any CPU.ActiveCfg = Debug|Any CPU
		{9BBB6524-0FF1-4A8B-8B9C-9BFD66A29EA0}.Debug|Any CPU.Build.0 = Debug|Any CPU
		{9BBB6524-0FF1-4A8B-8B9C-9BFD66A29EA0}.Release|Any CPU.ActiveCfg = Release|Any CPU
		{9BBB6524-0FF1-4A8B-8B9C-9BFD66A29EA0}.Release|Any CPU.Build.0 = Release|Any CPU
	EndGlobalSection
	GlobalSection(SolutionProperties) = preSolution
		HideSolutionNode = FALSE
	EndGlobalSection
	GlobalSection(ExtensibilityGlobals) = postSolution
		SolutionGuid = {E838C825-DB35-43C8-A4F2-248C5EBE7E5C}
	EndGlobalSection
EndGlobal
